{
    "_meta": {
        "hash": {
            "sha256": "83be0ff7918f870e7afe13e11abc233be935d96457c2b39292fb9adb562f4443"
        },
        "pipfile-spec": 6,
        "requires": {
            "python_version": "3.7"
        },
        "sources": [
            {
                "name": "pypi",
                "url": "https://pypi.org/simple",
                "verify_ssl": true
            }
        ]
    },
    "default": {
        "pyqt5": {
            "hashes": [
                "sha256:06cb9a1ea1289ca2b2d81f9a2da44a05029d5b4d36fa47b6a0c0b9027ff03fef",
                "sha256:44b263f395045eb5bba34f4df2d269e07b1e073fd359645b022943dd1accadfd",
                "sha256:bb4ec5583baa18f741ec6c229489dc1910290d4ce4d6756a2ea062f7bf6456e6",
                "sha256:c168a8883bbe7877809c3239c5dcfb9e8de5fe7e8e828c8add7e4f77cc8fc02a"
            ],
            "index": "pypi",
            "version": "==5.12.2"
        },
        "pyqt5-sip": {
            "hashes": [
                "sha256:0c05e357c8b781458cebb120e84aae0dad9ffc9a8742959e8564d372c1a4fb9a",
                "sha256:0d76935d8a0115868fd10599c9c58adb1293e76f5fa9740b6e5e205be55ae5f1",
                "sha256:10fa57551cea3d06604c4bcb7f24bf4d0f1f2d11021f6c4de0f880e5e4bd1e77",
                "sha256:41c1ff4859ef9b8b7db4c6a09229471378dfe7095cf96ad2c1ea4d6753340d20",
                "sha256:4db3f0b1b63311780158d467cfb61be0fbf189141dd5f5ce597e0faeb8f227eb",
                "sha256:5db5fdd2280d17c669e337f5ab9a8f0b1091028b9c2a97541aff6e59571e469c",
                "sha256:5e8bcb8bbc3b83d4d6142d2c3188e06bd6062bab132e240b8da42fb80e6dd3ba",
                "sha256:7caca9ab0639ecc187e716c07edd285da314ad30f3ec729bcc6b62ea62171cf5",
                "sha256:8ed141db021103d9c196f6f297e39b3ade1b06f0ebbd3fe7e9101fac6e8974dd",
                "sha256:9d5e33850c5566f4e2da9c244e7f2beb87cab980567d4df902c2953308271df7",
                "sha256:a373e19e3679408bf0cee0a6591360e6d3383498b1d75ce8f303ab658f1914d5",
                "sha256:aab3d79ad9c7b6652f7d740b27c672dc9e6a21311b68f9fbbe33d8fdd086c73e",
                "sha256:b62a4aced469e9bcec88450e2a00df31d754c82b97457cd611615807526682ff",
                "sha256:c1e1d6e1496a17e025f66a258e8c4011c4da223937789dbf2d0279516c948fdc",
                "sha256:d949b067ff499bf8df132f5ccb5dba48a0b17285903eb4d5210f55c14da7cc10",
                "sha256:dcadf1593b5891ddb21df4ac943d720d9da22be2a686ad73621ca86d1f72dafe"
            ],
            "version": "==4.19.17"
        },
        "sqlalchemy": {
            "hashes": [
                "sha256:c30925d60af95443458ebd7525daf791f55762b106049ae71e18f8dd58084c2f"
            ],
            "index": "pypi",
            "version": "==1.3.5"
        }
    },
    "develop": {}
}
